{
  "requires": true,
  "lockfileVersion": 1,
  "dependencies": {
    "faker": {
      "version": "4.1.0",
      "resolved": "https://registry.npmjs.org/faker/-/faker-4.1.0.tgz",
      "integrity": "sha1-HkW7vsxndLPBlfrSg1EJxtdIzD8="
    },
    "random-date-generator": {
      "version": "1.0.2",
      "resolved": "https://registry.npmjs.org/random-date-generator/-/random-date-generator-1.0.2.tgz",
      "integrity": "sha1-xjZmW7/tCM7J4iBT1J8jPI/YTdE="
    }
  }
}
